{
  "name": "fastApiProject",
  "lockfileVersion": 3,
  "requires": true,
  "packages": {
    "": {
      "dependencies": {
        "nodemodule": "^0.3.0"
      }
    },
    "node_modules/nodemodule": {
      "version": "0.3.0",
      "resolved": "https://registry.npmjs.org/nodemodule/-/nodemodule-0.3.0.tgz",
      "integrity": "sha512-T0ZizAsbXZcuSL21zAkBus1bNZbcH2KUzsv9SHTQIQFHpMd7kQB3fh1KX3SVOaFhvzYiJEDaQCzqGllAzi50LA=="
    }
  }
}
